
Microsoft Visual Studio Solution File, Format Version 12.00
# Visual Studio Version 17
VisualStudioVersion = 17.4.33213.308
MinimumVisualStudioVersion = 10.0.40219.1
Project("{FAE04EC0-301F-11D3-BF4B-00C04F79EFBC}") = "smappeeLogger", "smappeeLogger.csproj", "{48E88CAF-74EC-49C4-BF5A-5038301ADF6A}"
EndProject
Global
	GlobalSection(SolutionConfigurationPlatforms) = preSolution
		Debug|Any CPU = Debug|Any CPU
		Release|Any CPU = Release|Any CPU
	EndGlobalSection
	GlobalSection(ProjectConfigurationPlatforms) = postSolution
		{48E88CAF-74EC-49C4-BF5A-5038301ADF6A}.Debug|Any CPU.ActiveCfg = Debug|Any CPU
		{48E88CAF-74EC-49C4-BF5A-5038301ADF6A}.Debug|Any CPU.Build.0 = Debug|Any CPU
		{48E88CAF-74EC-49C4-BF5A-5038301ADF6A}.Release|Any CPU.ActiveCfg = Release|Any CPU
		{48E88CAF-74EC-49C4-BF5A-5038301ADF6A}.Release|Any CPU.Build.0 = Release|Any CPU
	EndGlobalSection
	GlobalSection(SolutionProperties) = preSolution
		HideSolutionNode = FALSE
	EndGlobalSection
	GlobalSection(ExtensibilityGlobals) = postSolution
		SolutionGuid = {EC763B85-FC4E-49C7-A6F7-49FD564A398B}
	EndGlobalSection
EndGlobal
